// !$*UTF8*$!
{
	archiveVersion = 1;
	classes = {
	};
	objectVersion = 46;
	objects = {

/* Begin PBXBuildFile section */
		88C570841B9C490C8EAF701A /* libPods.a in Frameworks */ = {isa = PBXBuildFile; fileRef = 42AF79F0A6214C65AA01D678 /* libPods.a */; };
		9093D1271A13C3F10076D239 /* vk_activity_ios8@2x.png in Resources */ = {isa = PBXBuildFile; fileRef = 9093D1261A13C3F10076D239 /* vk_activity_ios8@2x.png */; };
		90CE22581A22929200B49CBB /* User.m in Sources */ = {isa = PBXBuildFile; fileRef = 90CE22571A22929200B49CBB /* User.m */; };
		90D076641A1422F70099D80A /* iAd.framework in Frameworks */ = {isa = PBXBuildFile; fileRef = 90D076631A1422F70099D80A /* iAd.framework */; };
		90D076661A14F3FD0099D80A /* GameKit.framework in Frameworks */ = {isa = PBXBuildFile; fileRef = 90D076651A14F3FD0099D80A /* GameKit.framework */; };
		90D155F219FE7B1C000F78DE /* main.m in Sources */ = {isa = PBXBuildFile; fileRef = 90D155F119FE7B1C000F78DE /* main.m */; };
		90D155F519FE7B1C000F78DE /* AppDelegate.m in Sources */ = {isa = PBXBuildFile; fileRef = 90D155F419FE7B1C000F78DE /* AppDelegate.m */; };
		90D155F819FE7B1C000F78DE /* GameScene.m in Sources */ = {isa = PBXBuildFile; fileRef = 90D155F719FE7B1C000F78DE /* GameScene.m */; };
		90D155FA19FE7B1C000F78DE /* GameScene.sks in Resources */ = {isa = PBXBuildFile; fileRef = 90D155F919FE7B1C000F78DE /* GameScene.sks */; };
		90D155FD19FE7B1C000F78DE /* GameViewController.m in Sources */ = {isa = PBXBuildFile; fileRef = 90D155FC19FE7B1C000F78DE /* GameViewController.m */; };
		90D1560019FE7B1C000F78DE /* Main.storyboard in Resources */ = {isa = PBXBuildFile; fileRef = 90D155FE19FE7B1C000F78DE /* Main.storyboard */; };
		90D1560219FE7B1C000F78DE /* Images.xcassets in Resources */ = {isa = PBXBuildFile; fileRef = 90D1560119FE7B1C000F78DE /* Images.xcassets */; };
		90D1560519FE7B1C000F78DE /* LaunchScreen.xib in Resources */ = {isa = PBXBuildFile; fileRef = 90D1560319FE7B1C000F78DE /* LaunchScreen.xib */; };
		90D1561119FE7B1C000F78DE /* Up_to_skyTests.m in Sources */ = {isa = PBXBuildFile; fileRef = 90D1561019FE7B1C000F78DE /* Up_to_skyTests.m */; };
		90D1F2EF1A13C09200DE1F03 /* VKontakteActivity.m in Sources */ = {isa = PBXBuildFile; fileRef = 90D1F2EE1A13C09200DE1F03 /* VKontakteActivity.m */; };
		90D2A4D41A080BDF0013E5BC /* GameOverScene.m in Sources */ = {isa = PBXBuildFile; fileRef = 90D2A4D31A080BDF0013E5BC /* GameOverScene.m */; };
		90D2A4D71A080E9D0013E5BC /* Localizable.strings in Resources */ = {isa = PBXBuildFile; fileRef = 90D2A4D91A080E9D0013E5BC /* Localizable.strings */; };
		90D2A4DE1A082DC80013E5BC /* feather.png in Resources */ = {isa = PBXBuildFile; fileRef = 90D2A4DD1A082DC80013E5BC /* feather.png */; };
		90D2A4E01A082DD40013E5BC /* weight.png in Resources */ = {isa = PBXBuildFile; fileRef = 90D2A4DF1A082DD40013E5BC /* weight.png */; };
		90D6420A1A1564CD00A5F8DE /* podium.png in Resources */ = {isa = PBXBuildFile; fileRef = 90D642091A1564CD00A5F8DE /* podium.png */; };
		90D6420E1A1638D700A5F8DE /* vk_activity_ios8.png in Resources */ = {isa = PBXBuildFile; fileRef = 90D6420B1A1638D700A5F8DE /* vk_activity_ios8.png */; };
		90D6420F1A1638D700A5F8DE /* vk_activity@2x.png in Resources */ = {isa = PBXBuildFile; fileRef = 90D6420C1A1638D700A5F8DE /* vk_activity@2x.png */; };
		90D642101A1638D700A5F8DE /* vk_activity.png in Resources */ = {isa = PBXBuildFile; fileRef = 90D6420D1A1638D700A5F8DE /* vk_activity.png */; };
		90D712141A097641009DB8F8 /* small.png in Resources */ = {isa = PBXBuildFile; fileRef = 90D712131A097641009DB8F8 /* small.png */; };
		90D712161A097647009DB8F8 /* big.png in Resources */ = {isa = PBXBuildFile; fileRef = 90D712151A097647009DB8F8 /* big.png */; };
		90D78A0F1A0BE8A4004435E2 /* black_hole.png in Resources */ = {isa = PBXBuildFile; fileRef = 90D78A0E1A0BE8A4004435E2 /* black_hole.png */; };
		90D9386C1A224A91002737AA /* HelpScene.m in Sources */ = {isa = PBXBuildFile; fileRef = 90D9386B1A224A91002737AA /* HelpScene.m */; };
		A547355B1A05820800492FC2 /* BonusNode.m in Sources */ = {isa = PBXBuildFile; fileRef = A547355A1A05820800492FC2 /* BonusNode.m */; };
/* End PBXBuildFile section */

/* Begin PBXContainerItemProxy section */
		90D1560B19FE7B1C000F78DE /* PBXContainerItemProxy */ = {
			isa = PBXContainerItemProxy;
			containerPortal = 90D155E419FE7B1C000F78DE /* Project object */;
			proxyType = 1;
			remoteGlobalIDString = 90D155EB19FE7B1C000F78DE;
			remoteInfo = "Up to sky";
		};
/* End PBXContainerItemProxy section */

/* Begin PBXFileReference section */
		42AF79F0A6214C65AA01D678 /* libPods.a */ = {isa = PBXFileReference; explicitFileType = archive.ar; includeInIndex = 0; path = libPods.a; sourceTree = BUILT_PRODUCTS_DIR; };
		70ED0C0C012B4C6DA2F362C7 /* Pods.xcconfig */ = {isa = PBXFileReference; includeInIndex = 1; lastKnownFileType = text.xcconfig; name = Pods.xcconfig; path = Pods/Pods.xcconfig; sourceTree = "<group>"; };
		9093D1261A13C3F10076D239 /* vk_activity_ios8@2x.png */ = {isa = PBXFileReference; lastKnownFileType = image.png; path = "vk_activity_ios8@2x.png"; sourceTree = "<group>"; };
		90CE22561A22929200B49CBB /* User.h */ = {isa = PBXFileReference; fileEncoding = 4; lastKnownFileType = sourcecode.c.h; path = User.h; sourceTree = "<group>"; };
		90CE22571A22929200B49CBB /* User.m */ = {isa = PBXFileReference; fileEncoding = 4; lastKnownFileType = sourcecode.c.objc; path = User.m; sourceTree = "<group>"; };
		90D076631A1422F70099D80A /* iAd.framework */ = {isa = PBXFileReference; lastKnownFileType = wrapper.framework; name = iAd.framework; path = System/Library/Frameworks/iAd.framework; sourceTree = SDKROOT; };
		90D076651A14F3FD0099D80A /* GameKit.framework */ = {isa = PBXFileReference; lastKnownFileType = wrapper.framework; name = GameKit.framework; path = System/Library/Frameworks/GameKit.framework; sourceTree = SDKROOT; };
		90D155EC19FE7B1C000F78DE /* Up to sky.app */ = {isa = PBXFileReference; explicitFileType = wrapper.application; includeInIndex = 0; path = "Up to sky.app"; sourceTree = BUILT_PRODUCTS_DIR; };
		90D155F019FE7B1C000F78DE /* Info.plist */ = {isa = PBXFileReference; lastKnownFileType = text.plist.xml; path = Info.plist; sourceTree = "<group>"; };
		90D155F119FE7B1C000F78DE /* main.m */ = {isa = PBXFileReference; lastKnownFileType = sourcecode.c.objc; path = main.m; sourceTree = "<group>"; };
		90D155F319FE7B1C000F78DE /* AppDelegate.h */ = {isa = PBXFileReference; lastKnownFileType = sourcecode.c.h; path = AppDelegate.h; sourceTree = "<group>"; };
		90D155F419FE7B1C000F78DE /* AppDelegate.m */ = {isa = PBXFileReference; lastKnownFileType = sourcecode.c.objc; path = AppDelegate.m; sourceTree = "<group>"; };
		90D155F619FE7B1C000F78DE /* GameScene.h */ = {isa = PBXFileReference; lastKnownFileType = sourcecode.c.h; path = GameScene.h; sourceTree = "<group>"; };
		90D155F719FE7B1C000F78DE /* GameScene.m */ = {isa = PBXFileReference; lastKnownFileType = sourcecode.c.objc; path = GameScene.m; sourceTree = "<group>"; };
		90D155F919FE7B1C000F78DE /* GameScene.sks */ = {isa = PBXFileReference; lastKnownFileType = file.sks; path = GameScene.sks; sourceTree = "<group>"; };
		90D155FB19FE7B1C000F78DE /* GameViewController.h */ = {isa = PBXFileReference; lastKnownFileType = sourcecode.c.h; path = GameViewController.h; sourceTree = "<group>"; };
		90D155FC19FE7B1C000F78DE /* GameViewController.m */ = {isa = PBXFileReference; lastKnownFileType = sourcecode.c.objc; path = GameViewController.m; sourceTree = "<group>"; };
		90D155FF19FE7B1C000F78DE /* Base */ = {isa = PBXFileReference; lastKnownFileType = file.storyboard; name = Base; path = Base.lproj/Main.storyboard; sourceTree = "<group>"; };
		90D1560119FE7B1C000F78DE /* Images.xcassets */ = {isa = PBXFileReference; lastKnownFileType = folder.assetcatalog; path = Images.xcassets; sourceTree = "<group>"; };
		90D1560419FE7B1C000F78DE /* Base */ = {isa = PBXFileReference; lastKnownFileType = file.xib; name = Base; path = Base.lproj/LaunchScreen.xib; sourceTree = "<group>"; };
		90D1560A19FE7B1C000F78DE /* Up to skyTests.xctest */ = {isa = PBXFileReference; explicitFileType = wrapper.cfbundle; includeInIndex = 0; path = "Up to skyTests.xctest"; sourceTree = BUILT_PRODUCTS_DIR; };
		90D1560F19FE7B1C000F78DE /* Info.plist */ = {isa = PBXFileReference; lastKnownFileType = text.plist.xml; path = Info.plist; sourceTree = "<group>"; };
		90D1561019FE7B1C000F78DE /* Up_to_skyTests.m */ = {isa = PBXFileReference; lastKnownFileType = sourcecode.c.objc; path = Up_to_skyTests.m; sourceTree = "<group>"; };
		90D1F2EE1A13C09200DE1F03 /* VKontakteActivity.m */ = {isa = PBXFileReference; fileEncoding = 4; lastKnownFileType = sourcecode.c.objc; path = VKontakteActivity.m; sourceTree = "<group>"; };
		90D1F2F01A13C09900DE1F03 /* VKontakteActivity.h */ = {isa = PBXFileReference; lastKnownFileType = sourcecode.c.h; path = VKontakteActivity.h; sourceTree = "<group>"; };
		90D2A4D21A080BDF0013E5BC /* GameOverScene.h */ = {isa = PBXFileReference; fileEncoding = 4; lastKnownFileType = sourcecode.c.h; path = GameOverScene.h; sourceTree = "<group>"; };
		90D2A4D31A080BDF0013E5BC /* GameOverScene.m */ = {isa = PBXFileReference; fileEncoding = 4; lastKnownFileType = sourcecode.c.objc; path = GameOverScene.m; sourceTree = "<group>"; };
		90D2A4D81A080E9D0013E5BC /* en */ = {isa = PBXFileReference; lastKnownFileType = text.plist.strings; name = en; path = en.lproj/Localizable.strings; sourceTree = "<group>"; };
		90D2A4DA1A080F120013E5BC /* ru */ = {isa = PBXFileReference; lastKnownFileType = text.plist.strings; name = ru; path = ru.lproj/Main.strings; sourceTree = "<group>"; };
		90D2A4DB1A080F120013E5BC /* ru */ = {isa = PBXFileReference; lastKnownFileType = text.plist.strings; name = ru; path = ru.lproj/LaunchScreen.strings; sourceTree = "<group>"; };
		90D2A4DC1A080F120013E5BC /* ru */ = {isa = PBXFileReference; lastKnownFileType = text.plist.strings; name = ru; path = ru.lproj/Localizable.strings; sourceTree = "<group>"; };
		90D2A4DD1A082DC80013E5BC /* feather.png */ = {isa = PBXFileReference; lastKnownFileType = image.png; path = feather.png; sourceTree = "<group>"; };
		90D2A4DF1A082DD40013E5BC /* weight.png */ = {isa = PBXFileReference; lastKnownFileType = image.png; path = weight.png; sourceTree = "<group>"; };
		90D642091A1564CD00A5F8DE /* podium.png */ = {isa = PBXFileReference; lastKnownFileType = image.png; name = podium.png; path = ../../../../Downloads/podium.png; sourceTree = "<group>"; };
		90D6420B1A1638D700A5F8DE /* vk_activity_ios8.png */ = {isa = PBXFileReference; lastKnownFileType = image.png; path = vk_activity_ios8.png; sourceTree = "<group>"; };
		90D6420C1A1638D700A5F8DE /* vk_activity@2x.png */ = {isa = PBXFileReference; lastKnownFileType = image.png; path = "vk_activity@2x.png"; sourceTree = "<group>"; };
		90D6420D1A1638D700A5F8DE /* vk_activity.png */ = {isa = PBXFileReference; lastKnownFileType = image.png; path = vk_activity.png; sourceTree = "<group>"; };
		90D712131A097641009DB8F8 /* small.png */ = {isa = PBXFileReference; lastKnownFileType = image.png; path = small.png; sourceTree = "<group>"; };
		90D712151A097647009DB8F8 /* big.png */ = {isa = PBXFileReference; lastKnownFileType = image.png; path = big.png; sourceTree = "<group>"; };
		90D78A0E1A0BE8A4004435E2 /* black_hole.png */ = {isa = PBXFileReference; lastKnownFileType = image.png; path = black_hole.png; sourceTree = "<group>"; };
		90D9386A1A224A91002737AA /* HelpScene.h */ = {isa = PBXFileReference; fileEncoding = 4; lastKnownFileType = sourcecode.c.h; path = HelpScene.h; sourceTree = "<group>"; };
		90D9386B1A224A91002737AA /* HelpScene.m */ = {isa = PBXFileReference; fileEncoding = 4; lastKnownFileType = sourcecode.c.objc; path = HelpScene.m; sourceTree = "<group>"; };
		A54735591A05820800492FC2 /* BonusNode.h */ = {isa = PBXFileReference; fileEncoding = 4; lastKnownFileType = sourcecode.c.h; path = BonusNode.h; sourceTree = "<group>"; };
		A547355A1A05820800492FC2 /* BonusNode.m */ = {isa = PBXFileReference; fileEncoding = 4; lastKnownFileType = sourcecode.c.objc; path = BonusNode.m; sourceTree = "<group>"; };
/* End PBXFileReference section */

/* Begin PBXFrameworksBuildPhase section */
		90D155E919FE7B1C000F78DE /* Frameworks */ = {
			isa = PBXFrameworksBuildPhase;
			buildActionMask = 2147483647;
			files = (
				90D076661A14F3FD0099D80A /* GameKit.framework in Frameworks */,
				90D076641A1422F70099D80A /* iAd.framework in Frameworks */,
				88C570841B9C490C8EAF701A /* libPods.a in Frameworks */,
			);
			runOnlyForDeploymentPostprocessing = 0;
		};
		90D1560719FE7B1C000F78DE /* Frameworks */ = {
			isa = PBXFrameworksBuildPhase;
			buildActionMask = 2147483647;
			files = (
			);
			runOnlyForDeploymentPostprocessing = 0;
		};
/* End PBXFrameworksBuildPhase section */

/* Begin PBXGroup section */
		90D155E319FE7B1C000F78DE = {
			isa = PBXGroup;
			children = (
				90D155EE19FE7B1C000F78DE /* Up to sky */,
				90D1560D19FE7B1C000F78DE /* Up to skyTests */,
				90D155ED19FE7B1C000F78DE /* Products */,
				70ED0C0C012B4C6DA2F362C7 /* Pods.xcconfig */,
				ABD52CA765854B16957EB501 /* Frameworks */,
			);
			sourceTree = "<group>";
		};
		90D155ED19FE7B1C000F78DE /* Products */ = {
			isa = PBXGroup;
			children = (
				90D155EC19FE7B1C000F78DE /* Up to sky.app */,
				90D1560A19FE7B1C000F78DE /* Up to skyTests.xctest */,
			);
			name = Products;
			sourceTree = "<group>";
		};
		90D155EE19FE7B1C000F78DE /* Up to sky */ = {
			isa = PBXGroup;
			children = (
				90D712171A097650009DB8F8 /* img */,
				90D155F319FE7B1C000F78DE /* AppDelegate.h */,
				90D155F419FE7B1C000F78DE /* AppDelegate.m */,
				90D2A4D21A080BDF0013E5BC /* GameOverScene.h */,
				90D2A4D31A080BDF0013E5BC /* GameOverScene.m */,
				90D9386A1A224A91002737AA /* HelpScene.h */,
				90D9386B1A224A91002737AA /* HelpScene.m */,
				90D2A4D91A080E9D0013E5BC /* Localizable.strings */,
				A54735591A05820800492FC2 /* BonusNode.h */,
				A547355A1A05820800492FC2 /* BonusNode.m */,
				90D155F619FE7B1C000F78DE /* GameScene.h */,
				90D155F719FE7B1C000F78DE /* GameScene.m */,
				90D155F919FE7B1C000F78DE /* GameScene.sks */,
				90D155FB19FE7B1C000F78DE /* GameViewController.h */,
				90D155FC19FE7B1C000F78DE /* GameViewController.m */,
				90CE22561A22929200B49CBB /* User.h */,
				90CE22571A22929200B49CBB /* User.m */,
				90D1F2F01A13C09900DE1F03 /* VKontakteActivity.h */,
				90D1F2EE1A13C09200DE1F03 /* VKontakteActivity.m */,
				90D155FE19FE7B1C000F78DE /* Main.storyboard */,
				90D1560119FE7B1C000F78DE /* Images.xcassets */,
				90D1560319FE7B1C000F78DE /* LaunchScreen.xib */,
				90D155EF19FE7B1C000F78DE /* Supporting Files */,
			);
			path = "Up to sky";
			sourceTree = "<group>";
		};
		90D155EF19FE7B1C000F78DE /* Supporting Files */ = {
			isa = PBXGroup;
			children = (
				90D155F019FE7B1C000F78DE /* Info.plist */,
				90D155F119FE7B1C000F78DE /* main.m */,
			);
			name = "Supporting Files";
			sourceTree = "<group>";
		};
		90D1560D19FE7B1C000F78DE /* Up to skyTests */ = {
			isa = PBXGroup;
			children = (
				90D1561019FE7B1C000F78DE /* Up_to_skyTests.m */,
				90D1560E19FE7B1C000F78DE /* Supporting Files */,
			);
			path = "Up to skyTests";
			sourceTree = "<group>";
		};
		90D1560E19FE7B1C000F78DE /* Supporting Files */ = {
			isa = PBXGroup;
			children = (
				90D1560F19FE7B1C000F78DE /* Info.plist */,
			);
			name = "Supporting Files";
			sourceTree = "<group>";
		};
		90D712171A097650009DB8F8 /* img */ = {
			isa = PBXGroup;
			children = (
				90D6420B1A1638D700A5F8DE /* vk_activity_ios8.png */,
				9093D1261A13C3F10076D239 /* vk_activity_ios8@2x.png */,
				90D6420D1A1638D700A5F8DE /* vk_activity.png */,
				90D6420C1A1638D700A5F8DE /* vk_activity@2x.png */,
				90D642091A1564CD00A5F8DE /* podium.png */,
				90D78A0E1A0BE8A4004435E2 /* black_hole.png */,
				90D2A4DD1A082DC80013E5BC /* feather.png */,
				90D2A4DF1A082DD40013E5BC /* weight.png */,
				90D712131A097641009DB8F8 /* small.png */,
				90D712151A097647009DB8F8 /* big.png */,
			);
			name = img;
			sourceTree = "<group>";
		};
		ABD52CA765854B16957EB501 /* Frameworks */ = {
			isa = PBXGroup;
			children = (
				90D076651A14F3FD0099D80A /* GameKit.framework */,
				90D076631A1422F70099D80A /* iAd.framework */,
				42AF79F0A6214C65AA01D678 /* libPods.a */,
			);
			name = Frameworks;
			sourceTree = "<group>";
		};
/* End PBXGroup section */

/* Begin PBXNativeTarget section */
		90D155EB19FE7B1C000F78DE /* Up to sky */ = {
			isa = PBXNativeTarget;
			buildConfigurationList = 90D1561419FE7B1C000F78DE /* Build configuration list for PBXNativeTarget "Up to sky" */;
			buildPhases = (
				886CF4C822BC4CDCA96848E6 /* Check Pods Manifest.lock */,
				90D155E819FE7B1C000F78DE /* Sources */,
				90D155E919FE7B1C000F78DE /* Frameworks */,
				90D155EA19FE7B1C000F78DE /* Resources */,
				0FDCB09F08544B8DA9829897 /* Copy Pods Resources */,
			);
			buildRules = (
			);
			dependencies = (
			);
			name = "Up to sky";
			productName = "Up to sky";
			productReference = 90D155EC19FE7B1C000F78DE /* Up to sky.app */;
			productType = "com.apple.product-type.application";
		};
		90D1560919FE7B1C000F78DE /* Up to skyTests */ = {
			isa = PBXNativeTarget;
			buildConfigurationList = 90D1561719FE7B1C000F78DE /* Build configuration list for PBXNativeTarget "Up to skyTests" */;
			buildPhases = (
				90D1560619FE7B1C000F78DE /* Sources */,
				90D1560719FE7B1C000F78DE /* Frameworks */,
				90D1560819FE7B1C000F78DE /* Resources */,
			);
			buildRules = (
			);
			dependencies = (
				90D1560C19FE7B1C000F78DE /* PBXTargetDependency */,
			);
			name = "Up to skyTests";
			productName = "Up to skyTests";
			productReference = 90D1560A19FE7B1C000F78DE /* Up to skyTests.xctest */;
			productType = "com.apple.product-type.bundle.unit-test";
		};
/* End PBXNativeTarget section */

/* Begin PBXProject section */
		90D155E419FE7B1C000F78DE /* Project object */ = {
			isa = PBXProject;
			attributes = {
				LastUpgradeCheck = 0610;
				ORGANIZATIONNAME = "Mikhail Lukyanov";
				TargetAttributes = {
					90D155EB19FE7B1C000F78DE = {
						CreatedOnToolsVersion = 6.1;
						DevelopmentTeam = S8QL92FQKV;
						SystemCapabilities = {
							com.apple.GameCenter = {
								enabled = 1;
							};
						};
					};
					90D1560919FE7B1C000F78DE = {
						CreatedOnToolsVersion = 6.1;
						TestTargetID = 90D155EB19FE7B1C000F78DE;
					};
				};
			};
			buildConfigurationList = 90D155E719FE7B1C000F78DE /* Build configuration list for PBXProject "Don't touch the wall" */;
			compatibilityVersion = "Xcode 3.2";
			developmentRegion = English;
			hasScannedForEncodings = 0;
			knownRegions = (
				en,
				Base,
				ru,
			);
			mainGroup = 90D155E319FE7B1C000F78DE;
			productRefGroup = 90D155ED19FE7B1C000F78DE /* Products */;
			projectDirPath = "";
			projectRoot = "";
			targets = (
				90D155EB19FE7B1C000F78DE /* Up to sky */,
				90D1560919FE7B1C000F78DE /* Up to skyTests */,
			);
		};
/* End PBXProject section */

/* Begin PBXResourcesBuildPhase section */
		90D155EA19FE7B1C000F78DE /* Resources */ = {
			isa = PBXResourcesBuildPhase;
			buildActionMask = 2147483647;
			files = (
				90D6420E1A1638D700A5F8DE /* vk_activity_ios8.png in Resources */,
				90D1560519FE7B1C000F78DE /* LaunchScreen.xib in Resources */,
				90D1560219FE7B1C000F78DE /* Images.xcassets in Resources */,
				90D155FA19FE7B1C000F78DE /* GameScene.sks in Resources */,
				90D2A4E01A082DD40013E5BC /* weight.png in Resources */,
				90D6420F1A1638D700A5F8DE /* vk_activity@2x.png in Resources */,
				90D1560019FE7B1C000F78DE /* Main.storyboard in Resources */,
				90D2A4D71A080E9D0013E5BC /* Localizable.strings in Resources */,
				9093D1271A13C3F10076D239 /* vk_activity_ios8@2x.png in Resources */,
				90D712141A097641009DB8F8 /* small.png in Resources */,
				90D642101A1638D700A5F8DE /* vk_activity.png in Resources */,
				90D2A4DE1A082DC80013E5BC /* feather.png in Resources */,
				90D6420A1A1564CD00A5F8DE /* podium.png in Resources */,
				90D78A0F1A0BE8A4004435E2 /* black_hole.png in Resources */,
				90D712161A097647009DB8F8 /* big.png in Resources */,
			);
			runOnlyForDeploymentPostprocessing = 0;
		};
		90D1560819FE7B1C000F78DE /* Resources */ = {
			isa = PBXResourcesBuildPhase;
			buildActionMask = 2147483647;
			files = (
			);
			runOnlyForDeploymentPostprocessing = 0;
		};
/* End PBXResourcesBuildPhase section */

/* Begin PBXShellScriptBuildPhase section */
		0FDCB09F08544B8DA9829897 /* Copy Pods Resources */ = {
			isa = PBXShellScriptBuildPhase;
			buildActionMask = 2147483647;
			files = (
			);
			inputPaths = (
			);
			name = "Copy Pods Resources";
			outputPaths = (
			);
			runOnlyForDeploymentPostprocessing = 0;
			shellPath = /bin/sh;
			shellScript = "\"${SRCROOT}/Pods/Pods-resources.sh\"\n";
			showEnvVarsInLog = 0;
		};
		886CF4C822BC4CDCA96848E6 /* Check Pods Manifest.lock */ = {
			isa = PBXShellScriptBuildPhase;
			buildActionMask = 2147483647;
			files = (
			);
			inputPaths = (
			);
			name = "Check Pods Manifest.lock";
			outputPaths = (
			);
			runOnlyForDeploymentPostprocessing = 0;
			shellPath = /bin/sh;
			shellScript = "diff \"${PODS_ROOT}/../Podfile.lock\" \"${PODS_ROOT}/Manifest.lock\" > /dev/null\nif [[ $? != 0 ]] ; then\n    cat << EOM\nerror: The sandbox is not in sync with the Podfile.lock. Run 'pod install' or update your CocoaPods installation.\nEOM\n    exit 1\nfi\n";
			showEnvVarsInLog = 0;
		};
/* End PBXShellScriptBuildPhase section */

/* Begin PBXSourcesBuildPhase section */
		90D155E819FE7B1C000F78DE /* Sources */ = {
			isa = PBXSourcesBuildPhase;
			buildActionMask = 2147483647;
			files = (
				90D1F2EF1A13C09200DE1F03 /* VKontakteActivity.m in Sources */,
				90D155FD19FE7B1C000F78DE /* GameViewController.m in Sources */,
				90CE22581A22929200B49CBB /* User.m in Sources */,
				90D155F519FE7B1C000F78DE /* AppDelegate.m in Sources */,
				90D155F819FE7B1C000F78DE /* GameScene.m in Sources */,
				A547355B1A05820800492FC2 /* BonusNode.m in Sources */,
				90D9386C1A224A91002737AA /* HelpScene.m in Sources */,
				90D2A4D41A080BDF0013E5BC /* GameOverScene.m in Sources */,
				90D155F219FE7B1C000F78DE /* main.m in Sources */,
			);
			runOnlyForDeploymentPostprocessing = 0;
		};
		90D1560619FE7B1C000F78DE /* Sources */ = {
			isa = PBXSourcesBuildPhase;
			buildActionMask = 2147483647;
			files = (
				90D1561119FE7B1C000F78DE /* Up_to_skyTests.m in Sources */,
			);
			runOnlyForDeploymentPostprocessing = 0;
		};
/* End PBXSourcesBuildPhase section */

/* Begin PBXTargetDependency section */
		90D1560C19FE7B1C000F78DE /* PBXTargetDependency */ = {
			isa = PBXTargetDependency;
			target = 90D155EB19FE7B1C000F78DE /* Up to sky */;
			targetProxy = 90D1560B19FE7B1C000F78DE /* PBXContainerItemProxy */;
		};
/* End PBXTargetDependency section */

/* Begin PBXVariantGroup section */
		90D155FE19FE7B1C000F78DE /* Main.storyboard */ = {
			isa = PBXVariantGroup;
			children = (
				90D155FF19FE7B1C000F78DE /* Base */,
				90D2A4DA1A080F120013E5BC /* ru */,
			);
			name = Main.storyboard;
			sourceTree = "<group>";
		};
		90D1560319FE7B1C000F78DE /* LaunchScreen.xib */ = {
			isa = PBXVariantGroup;
			children = (
				90D1560419FE7B1C000F78DE /* Base */,
				90D2A4DB1A080F120013E5BC /* ru */,
			);
			name = LaunchScreen.xib;
			sourceTree = "<group>";
		};
		90D2A4D91A080E9D0013E5BC /* Localizable.strings */ = {
			isa = PBXVariantGroup;
			children = (
				90D2A4D81A080E9D0013E5BC /* en */,
				90D2A4DC1A080F120013E5BC /* ru */,
			);
			name = Localizable.strings;
			sourceTree = "<group>";
		};
/* End PBXVariantGroup section */

/* Begin XCBuildConfiguration section */
		90D1561219FE7B1C000F78DE /* Debug */ = {
			isa = XCBuildConfiguration;
			buildSettings = {
				ALWAYS_SEARCH_USER_PATHS = NO;
				CLANG_CXX_LANGUAGE_STANDARD = "gnu++0x";
				CLANG_CXX_LIBRARY = "libc++";
				CLANG_ENABLE_MODULES = YES;
				CLANG_ENABLE_OBJC_ARC = YES;
				CLANG_WARN_BOOL_CONVERSION = YES;
				CLANG_WARN_CONSTANT_CONVERSION = YES;
				CLANG_WARN_DIRECT_OBJC_ISA_USAGE = YES_ERROR;
				CLANG_WARN_EMPTY_BODY = YES;
				CLANG_WARN_ENUM_CONVERSION = YES;
				CLANG_WARN_INT_CONVERSION = YES;
				CLANG_WARN_OBJC_ROOT_CLASS = YES_ERROR;
				CLANG_WARN_UNREACHABLE_CODE = YES;
				CLANG_WARN__DUPLICATE_METHOD_MATCH = YES;
				"CODE_SIGN_IDENTITY[sdk=iphoneos*]" = "iPhone Developer";
				COPY_PHASE_STRIP = NO;
				ENABLE_STRICT_OBJC_MSGSEND = YES;
				GCC_C_LANGUAGE_STANDARD = gnu99;
				GCC_DYNAMIC_NO_PIC = NO;
				GCC_OPTIMIZATION_LEVEL = 0;
				GCC_PREPROCESSOR_DEFINITIONS = (
					"DEBUG=1",
					"$(inherited)",
				);
				GCC_SYMBOLS_PRIVATE_EXTERN = NO;
				GCC_WARN_64_TO_32_BIT_CONVERSION = YES;
				GCC_WARN_ABOUT_RETURN_TYPE = YES_ERROR;
				GCC_WARN_UNDECLARED_SELECTOR = YES;
				GCC_WARN_UNINITIALIZED_AUTOS = YES_AGGRESSIVE;
				GCC_WARN_UNUSED_FUNCTION = YES;
				GCC_WARN_UNUSED_VARIABLE = YES;
				IPHONEOS_DEPLOYMENT_TARGET = 8.1;
				MTL_ENABLE_DEBUG_INFO = YES;
				ONLY_ACTIVE_ARCH = YES;
				SDKROOT = iphoneos;
				TARGETED_DEVICE_FAMILY = "1,2";
			};
			name = Debug;
		};
		90D1561319FE7B1C000F78DE /* Release */ = {
			isa = XCBuildConfiguration;
			buildSettings = {
				ALWAYS_SEARCH_USER_PATHS = NO;
				CLANG_CXX_LANGUAGE_STANDARD = "gnu++0x";
				CLANG_CXX_LIBRARY = "libc++";
				CLANG_ENABLE_MODULES = YES;
				CLANG_ENABLE_OBJC_ARC = YES;
				CLANG_WARN_BOOL_CONVERSION = YES;
				CLANG_WARN_CONSTANT_CONVERSION = YES;
				CLANG_WARN_DIRECT_OBJC_ISA_USAGE = YES_ERROR;
				CLANG_WARN_EMPTY_BODY = YES;
				CLANG_WARN_ENUM_CONVERSION = YES;
				CLANG_WARN_INT_CONVERSION = YES;
				CLANG_WARN_OBJC_ROOT_CLASS = YES_ERROR;
				CLANG_WARN_UNREACHABLE_CODE = YES;
				CLANG_WARN__DUPLICATE_METHOD_MATCH = YES;
				"CODE_SIGN_IDENTITY[sdk=iphoneos*]" = "iPhone Developer";
				COPY_PHASE_STRIP = YES;
				ENABLE_NS_ASSERTIONS = NO;
				ENABLE_STRICT_OBJC_MSGSEND = YES;
				GCC_C_LANGUAGE_STANDARD = gnu99;
				GCC_WARN_64_TO_32_BIT_CONVERSION = YES;
				GCC_WARN_ABOUT_RETURN_TYPE = YES_ERROR;
				GCC_WARN_UNDECLARED_SELECTOR = YES;
				GCC_WARN_UNINITIALIZED_AUTOS = YES_AGGRESSIVE;
				GCC_WARN_UNUSED_FUNCTION = YES;
				GCC_WARN_UNUSED_VARIABLE = YES;
				IPHONEOS_DEPLOYMENT_TARGET = 8.1;
				MTL_ENABLE_DEBUG_INFO = NO;
				SDKROOT = iphoneos;
				TARGETED_DEVICE_FAMILY = "1,2";
				VALIDATE_PRODUCT = YES;
			};
			name = Release;
		};
		90D1561519FE7B1C000F78DE /* Debug */ = {
			isa = XCBuildConfiguration;
			baseConfigurationReference = 70ED0C0C012B4C6DA2F362C7 /* Pods.xcconfig */;
			buildSettings = {
				ASSETCATALOG_COMPILER_APPICON_NAME = AppIcon;
				CODE_SIGN_IDENTITY = "iPhone Developer";
				"CODE_SIGN_IDENTITY[sdk=iphoneos*]" = "iPhone Developer";
				INFOPLIST_FILE = "Up to sky/Info.plist";
				IPHONEOS_DEPLOYMENT_TARGET = 8.0;
				LD_RUNPATH_SEARCH_PATHS = "$(inherited) @executable_path/Frameworks";
				PRODUCT_NAME = "$(TARGET_NAME)";
				PROVISIONING_PROFILE = "657674AD-6730-4A53-83EB-8EF62FBC463F";
				TARGETED_DEVICE_FAMILY = "1,2";
			};
			name = Debug;
		};
		90D1561619FE7B1C000F78DE /* Release */ = {
			isa = XCBuildConfiguration;
			baseConfigurationReference = 70ED0C0C012B4C6DA2F362C7 /* Pods.xcconfig */;
			buildSettings = {
				ASSETCATALOG_COMPILER_APPICON_NAME = AppIcon;
				CODE_SIGN_IDENTITY = "iPhone Developer";
				"CODE_SIGN_IDENTITY[sdk=iphoneos*]" = "iPhone Developer";
				INFOPLIST_FILE = "Up to sky/Info.plist";
				IPHONEOS_DEPLOYMENT_TARGET = 8.0;
				LD_RUNPATH_SEARCH_PATHS = "$(inherited) @executable_path/Frameworks";
				PRODUCT_NAME = "$(TARGET_NAME)";
				PROVISIONING_PROFILE = "657674AD-6730-4A53-83EB-8EF62FBC463F";
				TARGETED_DEVICE_FAMILY = "1,2";
			};
			name = Release;
		};
		90D1561819FE7B1C000F78DE /* Debug */ = {
			isa = XCBuildConfiguration;
			buildSettings = {
				BUNDLE_LOADER = "$(TEST_HOST)";
				FRAMEWORK_SEARCH_PATHS = (
					"$(SDKROOT)/Developer/Library/Frameworks",
					"$(inherited)",
				);
				GCC_PREPROCESSOR_DEFINITIONS = (
					"DEBUG=1",
					"$(inherited)",
				);
				INFOPLIST_FILE = "Up to skyTests/Info.plist";
				LD_RUNPATH_SEARCH_PATHS = "$(inherited) @executable_path/Frameworks @loader_path/Frameworks";
				PRODUCT_NAME = "$(TARGET_NAME)";
				TEST_HOST = "$(BUILT_PRODUCTS_DIR)/Up to sky.app/Up to sky";
			};
			name = Debug;
		};
		90D1561919FE7B1C000F78DE /* Release */ = {
			isa = XCBuildConfiguration;
			buildSettings = {
				BUNDLE_LOADER = "$(TEST_HOST)";
				FRAMEWORK_SEARCH_PATHS = (
					"$(SDKROOT)/Developer/Library/Frameworks",
					"$(inherited)",
				);
				INFOPLIST_FILE = "Up to skyTests/Info.plist";
				LD_RUNPATH_SEARCH_PATHS = "$(inherited) @executable_path/Frameworks @loader_path/Frameworks";
				PRODUCT_NAME = "$(TARGET_NAME)";
				TEST_HOST = "$(BUILT_PRODUCTS_DIR)/Up to sky.app/Up to sky";
			};
			name = Release;
		};
/* End XCBuildConfiguration section */

/* Begin XCConfigurationList section */
		90D155E719FE7B1C000F78DE /* Build configuration list for PBXProject "Don't touch the wall" */ = {
			isa = XCConfigurationList;
			buildConfigurations = (
				90D1561219FE7B1C000F78DE /* Debug */,
				90D1561319FE7B1C000F78DE /* Release */,
			);
			defaultConfigurationIsVisible = 0;
			defaultConfigurationName = Release;
		};
		90D1561419FE7B1C000F78DE /* Build configuration list for PBXNativeTarget "Up to sky" */ = {
			isa = XCConfigurationList;
			buildConfigurations = (
				90D1561519FE7B1C000F78DE /* Debug */,
				90D1561619FE7B1C000F78DE /* Release */,
			);
			defaultConfigurationIsVisible = 0;
			defaultConfigurationName = Release;
		};
		90D1561719FE7B1C000F78DE /* Build configuration list for PBXNativeTarget "Up to skyTests" */ = {
			isa = XCConfigurationList;
			buildConfigurations = (
				90D1561819FE7B1C000F78DE /* Debug */,
				90D1561919FE7B1C000F78DE /* Release */,
			);
			defaultConfigurationIsVisible = 0;
			defaultConfigurationName = Release;
		};
/* End XCConfigurationList section */
	};
	rootObject = 90D155E419FE7B1C000F78DE /* Project object */;
}
